# This file is automatically @generated by Poetry 1.6.1 and should not be changed by hand.

[[package]]
name = "attrs"
version = "23.1.0"
description = "Classes Without Boilerplate"
optional = false
python-versions = ">=3.7"
files = [
    {file = "attrs-23.1.0-py3-none-any.whl", hash = "sha256:1f28b4522cdc2fb4256ac1a020c78acf9cba2c6b461ccd2c126f3aa8e8335d04"},
    {file = "attrs-23.1.0.tar.gz", hash = "sha256:6279836d581513a26f1bf235f9acd333bc9115683f14f7e8fae46c98fc50e015"},
]

[package.extras]
cov = ["attrs[tests]", "coverage[toml] (>=5.3)"]
dev = ["attrs[docs,tests]", "pre-commit"]
docs = ["furo", "myst-parser", "sphinx", "sphinx-notfound-page", "sphinxcontrib-towncrier", "towncrier", "zope-interface"]
tests = ["attrs[tests-no-zope]", "zope-interface"]
tests-no-zope = ["cloudpickle", "hypothesis", "mypy (>=1.1.1)", "pympler", "pytest (>=4.3.0)", "pytest-mypy-plugins", "pytest-xdist[psutil]"]

[[package]]
name = "click"
version = "8.1.7"
description = "Composable command line interface toolkit"
optional = false
python-versions = ">=3.7"
files = [
    {file = "click-8.1.7-py3-none-any.whl", hash = "sha256:ae74fb96c20a0277a1d615f1e4d73c8414f5a98db8b799a7931d1582f3390c28"},
    {file = "click-8.1.7.tar.gz", hash = "sha256:ca9853ad459e787e2192211578cc907e7594e294c7ccc834310722b41b9ca6de"},
]

[package.dependencies]
colorama = {version = "*", markers = "platform_system == \"Windows\""}

[[package]]
name = "colorama"
version = "0.4.6"
description = "Cross-platform colored terminal text."
optional = false
python-versions = "!=3.0.*,!=3.1.*,!=3.2.*,!=3.3.*,!=3.4.*,!=3.5.*,!=3.6.*,>=2.7"
files = [
    {file = "colorama-0.4.6-py2.py3-none-any.whl", hash = "sha256:4f1d9991f5acc0ca119f9d443620b77f9d6b33703e51011c16baf57afb285fc6"},
    {file = "colorama-0.4.6.tar.gz", hash = "sha256:08695f5cb7ed6e0531a20572697297273c47b8cae5a63ffc6d6ed5c201be6e44"},
]

[[package]]
name = "elkplot"
version = "0.2.0"
description = "A library for making and executing generative art for the Axidraw line of pen plotters."
optional = false
python-versions = ">=3.11"
files = []
develop = false

[package.dependencies]
click = "^8.1.3"
hypothesis = "^6.67.1"
pint = "^0.22"
pyglet = "1.5.27,<1.6.0"
pyserial = "^3.5"
pytest = "^7.4.3"
rtree = "^1.0.1"
scipy = "^1.10.1"
shapely = "^2.0.1"
svg-path = "^6.2"
tqdm = "^4.64.1"

[package.source]
type = "git"
url = "https://github.com/ejkaplan/elkplot.git"
reference = "HEAD"
resolved_reference = "b83096245115a13ac845cd93e15f618ca523dc45"

[[package]]
name = "hypothesis"
version = "6.91.0"
description = "A library for property-based testing"
optional = false
python-versions = ">=3.8"
files = [
    {file = "hypothesis-6.91.0-py3-none-any.whl", hash = "sha256:316e06d6f7d5f8ab87bcc7417fca750a2b082ed3ce902b979816b413276680b3"},
    {file = "hypothesis-6.91.0.tar.gz", hash = "sha256:a9f61a2bcfc342febcc1d04b80a99e789c57b700f91cbd43bbdb5d651af385cd"},
]

[package.dependencies]
attrs = ">=19.2.0"
sortedcontainers = ">=2.1.0,<3.0.0"

[package.extras]
all = ["backports.zoneinfo (>=0.2.1)", "black (>=19.10b0)", "click (>=7.0)", "django (>=3.2)", "dpcontracts (>=0.4)", "lark (>=0.10.1)", "libcst (>=0.3.16)", "numpy (>=1.17.3)", "pandas (>=1.1)", "pytest (>=4.6)", "python-dateutil (>=1.4)", "pytz (>=2014.1)", "redis (>=3.0.0)", "rich (>=9.0.0)", "tzdata (>=2023.3)"]
cli = ["black (>=19.10b0)", "click (>=7.0)", "rich (>=9.0.0)"]
codemods = ["libcst (>=0.3.16)"]
dateutil = ["python-dateutil (>=1.4)"]
django = ["django (>=3.2)"]
dpcontracts = ["dpcontracts (>=0.4)"]
ghostwriter = ["black (>=19.10b0)"]
lark = ["lark (>=0.10.1)"]
numpy = ["numpy (>=1.17.3)"]
pandas = ["pandas (>=1.1)"]
pytest = ["pytest (>=4.6)"]
pytz = ["pytz (>=2014.1)"]
redis = ["redis (>=3.0.0)"]
zoneinfo = ["backports.zoneinfo (>=0.2.1)", "tzdata (>=2023.3)"]

[[package]]
name = "iniconfig"
version = "2.0.0"
description = "brain-dead simple config-ini parsing"
optional = false
python-versions = ">=3.7"
files = [
    {file = "iniconfig-2.0.0-py3-none-any.whl", hash = "sha256:b6a85871a79d2e3b22d2d1b94ac2824226a63c6b741c88f7ae975f18b6778374"},
    {file = "iniconfig-2.0.0.tar.gz", hash = "sha256:2d91e135bf72d31a410b17c16da610a82cb55f6b0477d1a902134b24a455b8b3"},
]

[[package]]
name = "numpy"
version = "1.26.2"
description = "Fundamental package for array computing in Python"
optional = false
python-versions = ">=3.9"
files = [
    {file = "numpy-1.26.2-cp310-cp310-macosx_10_9_x86_64.whl", hash = "sha256:3703fc9258a4a122d17043e57b35e5ef1c5a5837c3db8be396c82e04c1cf9b0f"},
    {file = "numpy-1.26.2-cp310-cp310-macosx_11_0_arm64.whl", hash = "sha256:cc392fdcbd21d4be6ae1bb4475a03ce3b025cd49a9be5345d76d7585aea69440"},
    {file = "numpy-1.26.2-cp310-cp310-manylinux_2_17_aarch64.manylinux2014_aarch64.whl", hash = "sha256:36340109af8da8805d8851ef1d74761b3b88e81a9bd80b290bbfed61bd2b4f75"},
    {file = "numpy-1.26.2-cp310-cp310-manylinux_2_17_x86_64.manylinux2014_x86_64.whl", hash = "sha256:bcc008217145b3d77abd3e4d5ef586e3bdfba8fe17940769f8aa09b99e856c00"},
    {file = "numpy-1.26.2-cp310-cp310-musllinux_1_1_aarch64.whl", hash = "sha256:3ced40d4e9e18242f70dd02d739e44698df3dcb010d31f495ff00a31ef6014fe"},
    {file = "numpy-1.26.2-cp310-cp310-musllinux_1_1_x86_64.whl", hash = "sha256:b272d4cecc32c9e19911891446b72e986157e6a1809b7b56518b4f3755267523"},
    {file = "numpy-1.26.2-cp310-cp310-win32.whl", hash = "sha256:22f8fc02fdbc829e7a8c578dd8d2e15a9074b630d4da29cda483337e300e3ee9"},
    {file = "numpy-1.26.2-cp310-cp310-win_amd64.whl", hash = "sha256:26c9d33f8e8b846d5a65dd068c14e04018d05533b348d9eaeef6c1bd787f9919"},
    {file = "numpy-1.26.2-cp311-cp311-macosx_10_9_x86_64.whl", hash = "sha256:b96e7b9c624ef3ae2ae0e04fa9b460f6b9f17ad8b4bec6d7756510f1f6c0c841"},
    {file = "numpy-1.26.2-cp311-cp311-macosx_11_0_arm64.whl", hash = "sha256:aa18428111fb9a591d7a9cc1b48150097ba6a7e8299fb56bdf574df650e7d1f1"},
    {file = "numpy-1.26.2-cp311-cp311-manylinux_2_17_aarch64.manylinux2014_aarch64.whl", hash = "sha256:06fa1ed84aa60ea6ef9f91ba57b5ed963c3729534e6e54055fc151fad0423f0a"},
    {file = "numpy-1.26.2-cp311-cp311-manylinux_2_17_x86_64.manylinux2014_x86_64.whl", hash = "sha256:96ca5482c3dbdd051bcd1fce8034603d6ebfc125a7bd59f55b40d8f5d246832b"},
    {file = "numpy-1.26.2-cp311-cp311-musllinux_1_1_aarch64.whl", hash = "sha256:854ab91a2906ef29dc3925a064fcd365c7b4da743f84b123002f6139bcb3f8a7"},
    {file = "numpy-1.26.2-cp311-cp311-musllinux_1_1_x86_64.whl", hash = "sha256:f43740ab089277d403aa07567be138fc2a89d4d9892d113b76153e0e412409f8"},
    {file = "numpy-1.26.2-cp311-cp311-win32.whl", hash = "sha256:a2bbc29fcb1771cd7b7425f98b05307776a6baf43035d3b80c4b0f29e9545186"},
    {file = "numpy-1.26.2-cp311-cp311-win_amd64.whl", hash = "sha256:2b3fca8a5b00184828d12b073af4d0fc5fdd94b1632c2477526f6bd7842d700d"},
    {file = "numpy-1.26.2-cp312-cp312-macosx_10_9_x86_64.whl", hash = "sha256:a4cd6ed4a339c21f1d1b0fdf13426cb3b284555c27ac2f156dfdaaa7e16bfab0"},
    {file = "numpy-1.26.2-cp312-cp312-macosx_11_0_arm64.whl", hash = "sha256:5d5244aabd6ed7f312268b9247be47343a654ebea52a60f002dc70c769048e75"},
    {file = "numpy-1.26.2-cp312-cp312-manylinux_2_17_aarch64.manylinux2014_aarch64.whl", hash = "sha256:6a3cdb4d9c70e6b8c0814239ead47da00934666f668426fc6e94cce869e13fd7"},
    {file = "numpy-1.26.2-cp312-cp312-manylinux_2_17_x86_64.manylinux2014_x86_64.whl", hash = "sha256:aa317b2325f7aa0a9471663e6093c210cb2ae9c0ad824732b307d2c51983d5b6"},
    {file = "numpy-1.26.2-cp312-cp312-musllinux_1_1_aarch64.whl", hash = "sha256:174a8880739c16c925799c018f3f55b8130c1f7c8e75ab0a6fa9d41cab092fd6"},
    {file = "numpy-1.26.2-cp312-cp312-musllinux_1_1_x86_64.whl", hash = "sha256:f79b231bf5c16b1f39c7f4875e1ded36abee1591e98742b05d8a0fb55d8a3eec"},
    {file = "numpy-1.26.2-cp312-cp312-win32.whl", hash = "sha256:4a06263321dfd3598cacb252f51e521a8cb4b6df471bb12a7ee5cbab20ea9167"},
    {file = "numpy-1.26.2-cp312-cp312-win_amd64.whl", hash = "sha256:b04f5dc6b3efdaab541f7857351aac359e6ae3c126e2edb376929bd3b7f92d7e"},
    {file = "numpy-1.26.2-cp39-cp39-macosx_10_9_x86_64.whl", hash = "sha256:4eb8df4bf8d3d90d091e0146f6c28492b0be84da3e409ebef54349f71ed271ef"},
    {file = "numpy-1.26.2-cp39-cp39-macosx_11_0_arm64.whl", hash = "sha256:1a13860fdcd95de7cf58bd6f8bc5a5ef81c0b0625eb2c9a783948847abbef2c2"},
    {file = "numpy-1.26.2-cp39-cp39-manylinux_2_17_aarch64.manylinux2014_aarch64.whl", hash = "sha256:64308ebc366a8ed63fd0bf426b6a9468060962f1a4339ab1074c228fa6ade8e3"},
    {file = "numpy-1.26.2-cp39-cp39-manylinux_2_17_x86_64.manylinux2014_x86_64.whl", hash = "sha256:baf8aab04a2c0e859da118f0b38617e5ee65d75b83795055fb66c0d5e9e9b818"},
    {file = "numpy-1.26.2-cp39-cp39-musllinux_1_1_aarch64.whl", hash = "sha256:d73a3abcac238250091b11caef9ad12413dab01669511779bc9b29261dd50210"},
    {file = "numpy-1.26.2-cp39-cp39-musllinux_1_1_x86_64.whl", hash = "sha256:b361d369fc7e5e1714cf827b731ca32bff8d411212fccd29ad98ad622449cc36"},
    {file = "numpy-1.26.2-cp39-cp39-win32.whl", hash = "sha256:bd3f0091e845164a20bd5a326860c840fe2af79fa12e0469a12768a3ec578d80"},
    {file = "numpy-1.26.2-cp39-cp39-win_amd64.whl", hash = "sha256:2beef57fb031dcc0dc8fa4fe297a742027b954949cabb52a2a376c144e5e6060"},
    {file = "numpy-1.26.2-pp39-pypy39_pp73-macosx_10_9_x86_64.whl", hash = "sha256:1cc3d5029a30fb5f06704ad6b23b35e11309491c999838c31f124fee32107c79"},
    {file = "numpy-1.26.2-pp39-pypy39_pp73-manylinux_2_17_x86_64.manylinux2014_x86_64.whl", hash = "sha256:94cc3c222bb9fb5a12e334d0479b97bb2df446fbe622b470928f5284ffca3f8d"},
    {file = "numpy-1.26.2-pp39-pypy39_pp73-win_amd64.whl", hash = "sha256:fe6b44fb8fcdf7eda4ef4461b97b3f63c466b27ab151bec2366db8b197387841"},
    {file = "numpy-1.26.2.tar.gz", hash = "sha256:f65738447676ab5777f11e6bbbdb8ce11b785e105f690bc45966574816b6d3ea"},
]

[[package]]
name = "packaging"
version = "23.2"
description = "Core utilities for Python packages"
optional = false
python-versions = ">=3.7"
files = [
    {file = "packaging-23.2-py3-none-any.whl", hash = "sha256:8c491190033a9af7e1d931d0b5dacc2ef47509b34dd0de67ed209b5203fc88c7"},
    {file = "packaging-23.2.tar.gz", hash = "sha256:048fb0e9405036518eaaf48a55953c750c11e1a1b68e0dd1a9d62ed0c092cfc5"},
]

[[package]]
name = "pint"
version = "0.22"
description = "Physical quantities module"
optional = false
python-versions = ">=3.9"
files = [
    {file = "Pint-0.22-py3-none-any.whl", hash = "sha256:6e2b3c5c2b4d9b516608bc860a417a39d66eb99c958f36540cf931d2c2e9f80f"},
    {file = "Pint-0.22.tar.gz", hash = "sha256:2d139f6abbcf3016cad7d3cec05707fe908ac4f99cf59aedfd6ee667b7a64433"},
]

[package.dependencies]
typing-extensions = "*"

[package.extras]
babel = ["babel (<=2.8)"]
dask = ["dask"]
mip = ["mip (>=1.13)"]
numpy = ["numpy (>=1.19.5)"]
pandas = ["pint-pandas (>=0.3)"]
test = ["pytest", "pytest-cov", "pytest-mpl", "pytest-subtests"]
uncertainties = ["uncertainties (>=3.1.6)"]
xarray = ["xarray"]

[[package]]
name = "pluggy"
version = "1.3.0"
description = "plugin and hook calling mechanisms for python"
optional = false
python-versions = ">=3.8"
files = [
    {file = "pluggy-1.3.0-py3-none-any.whl", hash = "sha256:d89c696a773f8bd377d18e5ecda92b7a3793cbe66c87060a6fb58c7b6e1061f7"},
    {file = "pluggy-1.3.0.tar.gz", hash = "sha256:cf61ae8f126ac6f7c451172cf30e3e43d3ca77615509771b3a984a0730651e12"},
]

[package.extras]
dev = ["pre-commit", "tox"]
testing = ["pytest", "pytest-benchmark"]

[[package]]
name = "pyglet"
version = "1.5.27"
description = "Cross-platform windowing and multimedia library"
optional = false
python-versions = "*"
files = [
    {file = "pyglet-1.5.27-py3-none-any.whl", hash = "sha256:7ce2eb5a299cda92fcc099f533520cdaa2f157a175d6c1442a2ae4d769284d2d"},
    {file = "pyglet-1.5.27.zip", hash = "sha256:4d00e067451f3b10fd51b69764fddab65444372a2da344ee2b35f0a8e6ebf005"},
]

[[package]]
name = "pyserial"
version = "3.5"
description = "Python Serial Port Extension"
optional = false
python-versions = "*"
files = [
    {file = "pyserial-3.5-py2.py3-none-any.whl", hash = "sha256:c4451db6ba391ca6ca299fb3ec7bae67a5c55dde170964c7a14ceefec02f2cf0"},
    {file = "pyserial-3.5.tar.gz", hash = "sha256:3c77e014170dfffbd816e6ffc205e9842efb10be9f58ec16d3e8675b4925cddb"},
]

[package.extras]
cp2110 = ["hidapi"]

[[package]]
name = "pytest"
version = "7.4.3"
description = "pytest: simple powerful testing with Python"
optional = false
python-versions = ">=3.7"
files = [
    {file = "pytest-7.4.3-py3-none-any.whl", hash = "sha256:0d009c083ea859a71b76adf7c1d502e4bc170b80a8ef002da5806527b9591fac"},
    {file = "pytest-7.4.3.tar.gz", hash = "sha256:d989d136982de4e3b29dabcc838ad581c64e8ed52c11fbe86ddebd9da0818cd5"},
]

[package.dependencies]
colorama = {version = "*", markers = "sys_platform == \"win32\""}
iniconfig = "*"
packaging = "*"
pluggy = ">=0.12,<2.0"

[package.extras]
testing = ["argcomplete", "attrs (>=19.2.0)", "hypothesis (>=3.56)", "mock", "nose", "pygments (>=2.7.2)", "requests", "setuptools", "xmlschema"]

[[package]]
name = "rtree"
version = "1.1.0"
description = "R-Tree spatial index for Python GIS"
optional = false
python-versions = ">=3.8"
files = [
    {file = "Rtree-1.1.0-py3-none-macosx_10_9_x86_64.whl", hash = "sha256:5dc612959233cf07f31c8f1a4cf1587eea86dc2fc6d6938f35f28d312bbbbd3e"},
    {file = "Rtree-1.1.0-py3-none-macosx_11_0_arm64.whl", hash = "sha256:eac35fc095e36f5e5678f7777f296b6a076332c65cfbe00e5cd54b0518f6d71f"},
    {file = "Rtree-1.1.0-py3-none-manylinux2014_aarch64.manylinux_2_17_aarch64.whl", hash = "sha256:91d3e4b19efa77fc3c09fbbbed48c588bfa056c8b73b5bd084fb0d2d37654775"},
    {file = "Rtree-1.1.0-py3-none-manylinux2014_i686.manylinux_2_17_i686.whl", hash = "sha256:f1787187b7d74845484e2da029775928ac6af2d453d401e0082022c6552c49b1"},
    {file = "Rtree-1.1.0-py3-none-manylinux2014_x86_64.manylinux_2_17_x86_64.whl", hash = "sha256:96307058e0149b6124b5af1d48a145b3c1e0086db44de50b435f173e934fc510"},
    {file = "Rtree-1.1.0-py3-none-musllinux_1_1_aarch64.whl", hash = "sha256:22c670ed503de4f42789a7ca1554b219d5820133edaf2a28a051bad2ac90bbca"},
    {file = "Rtree-1.1.0-py3-none-musllinux_1_1_i686.whl", hash = "sha256:818dde0ef54166edfb438a3bbf97bcc2eb0b984ab9ec5e7d20779479e456bfad"},
    {file = "Rtree-1.1.0-py3-none-musllinux_1_1_x86_64.whl", hash = "sha256:696a5f3ecf8b622ab5827e107e762ecffa0555944433f2824dd7f46b4afc410b"},
    {file = "Rtree-1.1.0-py3-none-win_amd64.whl", hash = "sha256:d346ab57eabee139890a51bf7e02c17c5bcbff68db84e1571ed5247fe108b8e7"},
    {file = "Rtree-1.1.0.tar.gz", hash = "sha256:6f8ee504dde5d005b25b08aaf5be0b3404af3ad5fece6e1ddcde35908a798a95"},
]

[[package]]
name = "scipy"
version = "1.11.4"
description = "Fundamental algorithms for scientific computing in Python"
optional = false
python-versions = ">=3.9"
files = [
    {file = "scipy-1.11.4-cp310-cp310-macosx_10_9_x86_64.whl", hash = "sha256:bc9a714581f561af0848e6b69947fda0614915f072dfd14142ed1bfe1b806710"},
    {file = "scipy-1.11.4-cp310-cp310-macosx_12_0_arm64.whl", hash = "sha256:cf00bd2b1b0211888d4dc75656c0412213a8b25e80d73898083f402b50f47e41"},
    {file = "scipy-1.11.4-cp310-cp310-manylinux_2_17_aarch64.manylinux2014_aarch64.whl", hash = "sha256:b9999c008ccf00e8fbcce1236f85ade5c569d13144f77a1946bef8863e8f6eb4"},
    {file = "scipy-1.11.4-cp310-cp310-manylinux_2_17_x86_64.manylinux2014_x86_64.whl", hash = "sha256:933baf588daa8dc9a92c20a0be32f56d43faf3d1a60ab11b3f08c356430f6e56"},
    {file = "scipy-1.11.4-cp310-cp310-musllinux_1_1_x86_64.whl", hash = "sha256:8fce70f39076a5aa62e92e69a7f62349f9574d8405c0a5de6ed3ef72de07f446"},
    {file = "scipy-1.11.4-cp310-cp310-win_amd64.whl", hash = "sha256:6550466fbeec7453d7465e74d4f4b19f905642c89a7525571ee91dd7adabb5a3"},
    {file = "scipy-1.11.4-cp311-cp311-macosx_10_9_x86_64.whl", hash = "sha256:f313b39a7e94f296025e3cffc2c567618174c0b1dde173960cf23808f9fae4be"},
    {file = "scipy-1.11.4-cp311-cp311-macosx_12_0_arm64.whl", hash = "sha256:1b7c3dca977f30a739e0409fb001056484661cb2541a01aba0bb0029f7b68db8"},
    {file = "scipy-1.11.4-cp311-cp311-manylinux_2_17_aarch64.manylinux2014_aarch64.whl", hash = "sha256:00150c5eae7b610c32589dda259eacc7c4f1665aedf25d921907f4d08a951b1c"},
    {file = "scipy-1.11.4-cp311-cp311-manylinux_2_17_x86_64.manylinux2014_x86_64.whl", hash = "sha256:530f9ad26440e85766509dbf78edcfe13ffd0ab7fec2560ee5c36ff74d6269ff"},
    {file = "scipy-1.11.4-cp311-cp311-musllinux_1_1_x86_64.whl", hash = "sha256:5e347b14fe01003d3b78e196e84bd3f48ffe4c8a7b8a1afbcb8f5505cb710993"},
    {file = "scipy-1.11.4-cp311-cp311-win_amd64.whl", hash = "sha256:acf8ed278cc03f5aff035e69cb511741e0418681d25fbbb86ca65429c4f4d9cd"},
    {file = "scipy-1.11.4-cp312-cp312-macosx_10_9_x86_64.whl", hash = "sha256:028eccd22e654b3ea01ee63705681ee79933652b2d8f873e7949898dda6d11b6"},
    {file = "scipy-1.11.4-cp312-cp312-macosx_12_0_arm64.whl", hash = "sha256:2c6ff6ef9cc27f9b3db93a6f8b38f97387e6e0591600369a297a50a8e96e835d"},
    {file = "scipy-1.11.4-cp312-cp312-manylinux_2_17_aarch64.manylinux2014_aarch64.whl", hash = "sha256:b030c6674b9230d37c5c60ab456e2cf12f6784596d15ce8da9365e70896effc4"},
    {file = "scipy-1.11.4-cp312-cp312-manylinux_2_17_x86_64.manylinux2014_x86_64.whl", hash = "sha256:ad669df80528aeca5f557712102538f4f37e503f0c5b9541655016dd0932ca79"},
    {file = "scipy-1.11.4-cp312-cp312-musllinux_1_1_x86_64.whl", hash = "sha256:ce7fff2e23ab2cc81ff452a9444c215c28e6305f396b2ba88343a567feec9660"},
    {file = "scipy-1.11.4-cp312-cp312-win_amd64.whl", hash = "sha256:36750b7733d960d7994888f0d148d31ea3017ac15eef664194b4ef68d36a4a97"},
    {file = "scipy-1.11.4-cp39-cp39-macosx_10_9_x86_64.whl", hash = "sha256:6e619aba2df228a9b34718efb023966da781e89dd3d21637b27f2e54db0410d7"},
    {file = "scipy-1.11.4-cp39-cp39-macosx_12_0_arm64.whl", hash = "sha256:f3cd9e7b3c2c1ec26364856f9fbe78695fe631150f94cd1c22228456404cf1ec"},
    {file = "scipy-1.11.4-cp39-cp39-manylinux_2_17_aarch64.manylinux2014_aarch64.whl", hash = "sha256:d10e45a6c50211fe256da61a11c34927c68f277e03138777bdebedd933712fea"},
    {file = "scipy-1.11.4-cp39-cp39-manylinux_2_17_x86_64.manylinux2014_x86_64.whl", hash = "sha256:91af76a68eeae0064887a48e25c4e616fa519fa0d38602eda7e0f97d65d57937"},
    {file = "scipy-1.11.4-cp39-cp39-musllinux_1_1_x86_64.whl", hash = "sha256:6df1468153a31cf55ed5ed39647279beb9cfb5d3f84369453b49e4b8502394fd"},
    {file = "scipy-1.11.4-cp39-cp39-win_amd64.whl", hash = "sha256:ee410e6de8f88fd5cf6eadd73c135020bfbbbdfcd0f6162c36a7638a1ea8cc65"},
    {file = "scipy-1.11.4.tar.gz", hash = "sha256:90a2b78e7f5733b9de748f589f09225013685f9b218275257f8a8168ededaeaa"},
]

[package.dependencies]
numpy = ">=1.21.6,<1.28.0"

[package.extras]
dev = ["click", "cython-lint (>=0.12.2)", "doit (>=0.36.0)", "mypy", "pycodestyle", "pydevtool", "rich-click", "ruff", "types-psutil", "typing_extensions"]
doc = ["jupytext", "matplotlib (>2)", "myst-nb", "numpydoc", "pooch", "pydata-sphinx-theme (==0.9.0)", "sphinx (!=4.1.0)", "sphinx-design (>=0.2.0)"]
test = ["asv", "gmpy2", "mpmath", "pooch", "pytest", "pytest-cov", "pytest-timeout", "pytest-xdist", "scikit-umfpack", "threadpoolctl"]

[[package]]
name = "shapely"
version = "2.0.2"
description = "Manipulation and analysis of geometric objects"
optional = false
python-versions = ">=3.7"
files = [
    {file = "shapely-2.0.2-cp310-cp310-macosx_10_9_universal2.whl", hash = "sha256:6ca8cffbe84ddde8f52b297b53f8e0687bd31141abb2c373fd8a9f032df415d6"},
    {file = "shapely-2.0.2-cp310-cp310-macosx_10_9_x86_64.whl", hash = "sha256:baa14fc27771e180c06b499a0a7ba697c7988c7b2b6cba9a929a19a4d2762de3"},
    {file = "shapely-2.0.2-cp310-cp310-macosx_11_0_arm64.whl", hash = "sha256:36480e32c434d168cdf2f5e9862c84aaf4d714a43a8465ae3ce8ff327f0affb7"},
    {file = "shapely-2.0.2-cp310-cp310-manylinux_2_17_aarch64.manylinux2014_aarch64.whl", hash = "sha256:4ef753200cbffd4f652efb2c528c5474e5a14341a473994d90ad0606522a46a2"},
    {file = "shapely-2.0.2-cp310-cp310-manylinux_2_17_x86_64.manylinux2014_x86_64.whl", hash = "sha256:a9a41ff4323fc9d6257759c26eb1cf3a61ebc7e611e024e6091f42977303fd3a"},
    {file = "shapely-2.0.2-cp310-cp310-win32.whl", hash = "sha256:72b5997272ae8c25f0fd5b3b967b3237e87fab7978b8d6cd5fa748770f0c5d68"},
    {file = "shapely-2.0.2-cp310-cp310-win_amd64.whl", hash = "sha256:34eac2337cbd67650248761b140d2535855d21b969d76d76123317882d3a0c1a"},
    {file = "shapely-2.0.2-cp311-cp311-macosx_10_9_universal2.whl", hash = "sha256:5b0c052709c8a257c93b0d4943b0b7a3035f87e2d6a8ac9407b6a992d206422f"},
    {file = "shapely-2.0.2-cp311-cp311-macosx_10_9_x86_64.whl", hash = "sha256:2d217e56ae067e87b4e1731d0dc62eebe887ced729ba5c2d4590e9e3e9fdbd88"},
    {file = "shapely-2.0.2-cp311-cp311-macosx_11_0_arm64.whl", hash = "sha256:94ac128ae2ab4edd0bffcd4e566411ea7bdc738aeaf92c32a8a836abad725f9f"},
    {file = "shapely-2.0.2-cp311-cp311-manylinux_2_17_aarch64.manylinux2014_aarch64.whl", hash = "sha256:fa3ee28f5e63a130ec5af4dc3c4cb9c21c5788bb13c15e89190d163b14f9fb89"},
    {file = "shapely-2.0.2-cp311-cp311-manylinux_2_17_x86_64.manylinux2014_x86_64.whl", hash = "sha256:737dba15011e5a9b54a8302f1748b62daa207c9bc06f820cd0ad32a041f1c6f2"},
    {file = "shapely-2.0.2-cp311-cp311-win32.whl", hash = "sha256:45ac6906cff0765455a7b49c1670af6e230c419507c13e2f75db638c8fc6f3bd"},
    {file = "shapely-2.0.2-cp311-cp311-win_amd64.whl", hash = "sha256:dc9342fc82e374130db86a955c3c4525bfbf315a248af8277a913f30911bed9e"},
    {file = "shapely-2.0.2-cp312-cp312-macosx_10_9_universal2.whl", hash = "sha256:06f193091a7c6112fc08dfd195a1e3846a64306f890b151fa8c63b3e3624202c"},
    {file = "shapely-2.0.2-cp312-cp312-macosx_10_9_x86_64.whl", hash = "sha256:eebe544df5c018134f3c23b6515877f7e4cd72851f88a8d0c18464f414d141a2"},
    {file = "shapely-2.0.2-cp312-cp312-macosx_11_0_arm64.whl", hash = "sha256:7e92e7c255f89f5cdf777690313311f422aa8ada9a3205b187113274e0135cd8"},
    {file = "shapely-2.0.2-cp312-cp312-manylinux_2_17_aarch64.manylinux2014_aarch64.whl", hash = "sha256:be46d5509b9251dd9087768eaf35a71360de6afac82ce87c636990a0871aa18b"},
    {file = "shapely-2.0.2-cp312-cp312-manylinux_2_17_x86_64.manylinux2014_x86_64.whl", hash = "sha256:a5533a925d8e211d07636ffc2fdd9a7f9f13d54686d00577eeb11d16f00be9c4"},
    {file = "shapely-2.0.2-cp312-cp312-win32.whl", hash = "sha256:084b023dae8ad3d5b98acee9d3bf098fdf688eb0bb9b1401e8b075f6a627b611"},
    {file = "shapely-2.0.2-cp312-cp312-win_amd64.whl", hash = "sha256:ea84d1cdbcf31e619d672b53c4532f06253894185ee7acb8ceb78f5f33cbe033"},
    {file = "shapely-2.0.2-cp37-cp37m-macosx_10_9_x86_64.whl", hash = "sha256:ed1e99702125e7baccf401830a3b94d810d5c70b329b765fe93451fe14cf565b"},
    {file = "shapely-2.0.2-cp37-cp37m-manylinux_2_17_aarch64.manylinux2014_aarch64.whl", hash = "sha256:e7d897e6bdc6bc64f7f65155dbbb30e49acaabbd0d9266b9b4041f87d6e52b3a"},
    {file = "shapely-2.0.2-cp37-cp37m-manylinux_2_17_x86_64.manylinux2014_x86_64.whl", hash = "sha256:0521d76d1e8af01e712db71da9096b484f081e539d4f4a8c97342e7971d5e1b4"},
    {file = "shapely-2.0.2-cp37-cp37m-win32.whl", hash = "sha256:5324be299d4c533ecfcfd43424dfd12f9428fd6f12cda38a4316da001d6ef0ea"},
    {file = "shapely-2.0.2-cp37-cp37m-win_amd64.whl", hash = "sha256:78128357a0cee573257a0c2c388d4b7bf13cb7dbe5b3fe5d26d45ebbe2a39e25"},
    {file = "shapely-2.0.2-cp38-cp38-macosx_10_9_universal2.whl", hash = "sha256:87dc2be34ac3a3a4a319b963c507ac06682978a5e6c93d71917618b14f13066e"},
    {file = "shapely-2.0.2-cp38-cp38-macosx_10_9_x86_64.whl", hash = "sha256:42997ac806e4583dad51c80a32d38570fd9a3d4778f5e2c98f9090aa7db0fe91"},
    {file = "shapely-2.0.2-cp38-cp38-macosx_11_0_arm64.whl", hash = "sha256:ccfd5fa10a37e67dbafc601c1ddbcbbfef70d34c3f6b0efc866ddbdb55893a6c"},
    {file = "shapely-2.0.2-cp38-cp38-manylinux_2_17_aarch64.manylinux2014_aarch64.whl", hash = "sha256:e7c95d3379ae3abb74058938a9fcbc478c6b2e28d20dace38f8b5c587dde90aa"},
    {file = "shapely-2.0.2-cp38-cp38-manylinux_2_17_x86_64.manylinux2014_x86_64.whl", hash = "sha256:6a21353d28209fb0d8cc083e08ca53c52666e0d8a1f9bbe23b6063967d89ed24"},
    {file = "shapely-2.0.2-cp38-cp38-win32.whl", hash = "sha256:03e63a99dfe6bd3beb8d5f41ec2086585bb969991d603f9aeac335ad396a06d4"},
    {file = "shapely-2.0.2-cp38-cp38-win_amd64.whl", hash = "sha256:c6fd29fbd9cd76350bd5cc14c49de394a31770aed02d74203e23b928f3d2f1aa"},
    {file = "shapely-2.0.2-cp39-cp39-macosx_10_9_universal2.whl", hash = "sha256:1f217d28ecb48e593beae20a0082a95bd9898d82d14b8fcb497edf6bff9a44d7"},
    {file = "shapely-2.0.2-cp39-cp39-macosx_10_9_x86_64.whl", hash = "sha256:394e5085b49334fd5b94fa89c086edfb39c3ecab7f669e8b2a4298b9d523b3a5"},
    {file = "shapely-2.0.2-cp39-cp39-macosx_11_0_arm64.whl", hash = "sha256:fd3ad17b64466a033848c26cb5b509625c87d07dcf39a1541461cacdb8f7e91c"},
    {file = "shapely-2.0.2-cp39-cp39-manylinux_2_17_aarch64.manylinux2014_aarch64.whl", hash = "sha256:d41a116fcad58048d7143ddb01285e1a8780df6dc1f56c3b1e1b7f12ed296651"},
    {file = "shapely-2.0.2-cp39-cp39-manylinux_2_17_x86_64.manylinux2014_x86_64.whl", hash = "sha256:dea9a0651333cf96ef5bb2035044e3ad6a54f87d90e50fe4c2636debf1b77abc"},
    {file = "shapely-2.0.2-cp39-cp39-win32.whl", hash = "sha256:b8eb0a92f7b8c74f9d8fdd1b40d395113f59bd8132ca1348ebcc1f5aece94b96"},
    {file = "shapely-2.0.2-cp39-cp39-win_amd64.whl", hash = "sha256:794affd80ca0f2c536fc948a3afa90bd8fb61ebe37fe873483ae818e7f21def4"},
    {file = "shapely-2.0.2.tar.gz", hash = "sha256:1713cc04c171baffc5b259ba8531c58acc2a301707b7f021d88a15ed090649e7"},
]

[package.dependencies]
numpy = ">=1.14"

[package.extras]
docs = ["matplotlib", "numpydoc (==1.1.*)", "sphinx", "sphinx-book-theme", "sphinx-remove-toctrees"]
test = ["pytest", "pytest-cov"]

[[package]]
name = "sortedcontainers"
version = "2.4.0"
description = "Sorted Containers -- Sorted List, Sorted Dict, Sorted Set"
optional = false
python-versions = "*"
files = [
    {file = "sortedcontainers-2.4.0-py2.py3-none-any.whl", hash = "sha256:a163dcaede0f1c021485e957a39245190e74249897e2ae4b2aa38595db237ee0"},
    {file = "sortedcontainers-2.4.0.tar.gz", hash = "sha256:25caa5a06cc30b6b83d11423433f65d1f9d76c4c6a0c90e3379eaa43b9bfdb88"},
]

[[package]]
name = "svg-path"
version = "6.3"
description = "SVG path objects and parser"
optional = false
python-versions = ">=3.8"
files = [
    {file = "svg.path-6.3-py2.py3-none-any.whl", hash = "sha256:4bd4747679b527f8db9868e1623bee9f416540b658285d903885768d8a427e5a"},
    {file = "svg.path-6.3.tar.gz", hash = "sha256:e937740a316a7fec86acd217ab6226e112f51328078524126bb7ea9dbe7b1ade"},
]

[package.extras]
test = ["Pillow", "black", "check-manifest", "flake8", "pyroma", "pytest", "pytest-cov", "zest.releaser[recommended]"]

[[package]]
name = "tqdm"
version = "4.66.1"
description = "Fast, Extensible Progress Meter"
optional = false
python-versions = ">=3.7"
files = [
    {file = "tqdm-4.66.1-py3-none-any.whl", hash = "sha256:d302b3c5b53d47bce91fea46679d9c3c6508cf6332229aa1e7d8653723793386"},
    {file = "tqdm-4.66.1.tar.gz", hash = "sha256:d88e651f9db8d8551a62556d3cff9e3034274ca5d66e93197cf2490e2dcb69c7"},
]

[package.dependencies]
colorama = {version = "*", markers = "platform_system == \"Windows\""}

[package.extras]
dev = ["pytest (>=6)", "pytest-cov", "pytest-timeout", "pytest-xdist"]
notebook = ["ipywidgets (>=6)"]
slack = ["slack-sdk"]
telegram = ["requests"]

[[package]]
name = "typing-extensions"
version = "4.8.0"
description = "Backported and Experimental Type Hints for Python 3.8+"
optional = false
python-versions = ">=3.8"
files = [
    {file = "typing_extensions-4.8.0-py3-none-any.whl", hash = "sha256:8f92fc8806f9a6b641eaa5318da32b44d401efaac0f6678c9bc448ba3605faa0"},
    {file = "typing_extensions-4.8.0.tar.gz", hash = "sha256:df8e4339e9cb77357558cbdbceca33c303714cf861d1eef15e1070055ae8b7ef"},
]

[metadata]
lock-version = "2.0"
python-versions = ">=3.11"
content-hash = "cf29926201c25322cccc76d4bbb13e779ff3b6ddee3ac9cfdc97c1b3ee446095"
